// !$*UTF8*$!
{
	archiveVersion = 1;
	classes = {
	};
	objectVersion = 56;
	objects = {

/* Begin PBXBuildFile section */
		5EF0B3792F95378700E097E2 /* ReconfigurationObserver.swift in Sources */ = {isa = PBXBuildFile; fileRef = 5EF0B3752F95378700E097E2 /* ReconfigurationObserver.swift */; };
		5EF0B37A2F95378700E097E2 /* DriftMonitor.swift in Sources */ = {isa = PBXBuildFile; fileRef = 5EF0B3762F95378700E097E2 /* DriftMonitor.swift */; };
		5EF0B37B2F95378700E097E2 /* SpacesPlist.swift in Sources */ = {isa = PBXBuildFile; fileRef = 5EF0B3772F95378700E097E2 /* SpacesPlist.swift */; };
		5EF0B37D2F95378700E097E2 /* ActiveSpaceFingerprint.swift in Sources */ = {isa = PBXBuildFile; fileRef = 5EF0B3722F95378700E097E2 /* ActiveSpaceFingerprint.swift */; };
		5EF0B3802F95380D00E097E2 /* ServiceManagement.framework in Frameworks */ = {isa = PBXBuildFile; fileRef = 5EF0B37F2F95380D00E097E2 /* ServiceManagement.framework */; };
		5EF0B3822F9538D300E097E2 /* cc.jorviksoftware.ActiveSpace.agent.plist in CopyFiles */ = {isa = PBXBuildFile; fileRef = 5EF0B3742F95378700E097E2 /* cc.jorviksoftware.ActiveSpace.agent.plist */; };
		AA000050 /* ActiveSpaceApp.swift in Sources */ = {isa = PBXBuildFile; fileRef = AA000030 /* ActiveSpaceApp.swift */; };
		AA000051 /* AppDelegate.swift in Sources */ = {isa = PBXBuildFile; fileRef = AA000031 /* AppDelegate.swift */; };
		AA000052 /* CGSPrivate.swift in Sources */ = {isa = PBXBuildFile; fileRef = AA000032 /* CGSPrivate.swift */; };
		AA000053 /* SpaceObserver.swift in Sources */ = {isa = PBXBuildFile; fileRef = AA000033 /* SpaceObserver.swift */; };
		AA000054 /* SpaceSwitcher.swift in Sources */ = {isa = PBXBuildFile; fileRef = AA000034 /* SpaceSwitcher.swift */; };
		AA000055 /* MenuBarIcon.swift in Sources */ = {isa = PBXBuildFile; fileRef = AA000035 /* MenuBarIcon.swift */; };
		AA000056 /* SpaceSelectorView.swift in Sources */ = {isa = PBXBuildFile; fileRef = AA000036 /* SpaceSelectorView.swift */; };
		AA000057 /* Assets.xcassets in Resources */ = {isa = PBXBuildFile; fileRef = AA000039 /* Assets.xcassets */; };
		AA000058 /* switch_helper in Resources */ = {isa = PBXBuildFile; fileRef = AA000040 /* switch_helper */; };
		AA000059 /* AboutView.swift in Sources */ = {isa = PBXBuildFile; fileRef = AA000041 /* AboutView.swift */; };
		AA000060 /* JorvikAboutView.swift in Sources */ = {isa = PBXBuildFile; fileRef = AA000070 /* JorvikAboutView.swift */; };
		AA000061 /* JorvikSettingsView.swift in Sources */ = {isa = PBXBuildFile; fileRef = AA000071 /* JorvikSettingsView.swift */; };
		AA000062 /* JorvikUpdateChecker.swift in Sources */ = {isa = PBXBuildFile; fileRef = AA000072 /* JorvikUpdateChecker.swift */; };
		AA000063 /* JorvikMenuBuilder.swift in Sources */ = {isa = PBXBuildFile; fileRef = AA000073 /* JorvikMenuBuilder.swift */; };
		AA000064 /* JorvikMenuBarPill.swift in Sources */ = {isa = PBXBuildFile; fileRef = AA000074 /* JorvikMenuBarPill.swift */; };
		AA000065 /* JorvikWindowHelper.swift in Sources */ = {isa = PBXBuildFile; fileRef = AA000075 /* JorvikWindowHelper.swift */; };
		AA000066 /* JorvikShortcutRecorder.swift in Sources */ = {isa = PBXBuildFile; fileRef = AA000076 /* JorvikShortcutRecorder.swift */; };
		AA000067 /* VirtualDisplay.swift in Sources */ = {isa = PBXBuildFile; fileRef = AA000077 /* VirtualDisplay.swift */; };
		AA000068 /* VirtualDisplayHelper.m in Sources */ = {isa = PBXBuildFile; fileRef = AA000078 /* VirtualDisplayHelper.m */; };
		AA000069 /* Logging.swift in Sources */ = {isa = PBXBuildFile; fileRef = AA000082 /* Logging.swift */; };
		AA00006A /* TransitionOverlay.swift in Sources */ = {isa = PBXBuildFile; fileRef = AA000083 /* TransitionOverlay.swift */; };
		AA000091 /* SwitcherController.swift in Sources */ = {isa = PBXBuildFile; fileRef = AA000090 /* SwitcherController.swift */; };
		AA000093 /* SwitcherAppResolver.swift in Sources */ = {isa = PBXBuildFile; fileRef = AA000092 /* SwitcherAppResolver.swift */; };
		AA000095 /* SwitcherHUDWindow.swift in Sources */ = {isa = PBXBuildFile; fileRef = AA000094 /* SwitcherHUDWindow.swift */; };
		AA000097 /* SwitcherAppStack.swift in Sources */ = {isa = PBXBuildFile; fileRef = AA000096 /* SwitcherAppStack.swift */; };
		AA000098 /* JorvikHotkeyRegistry.swift in Sources */ = {isa = PBXBuildFile; fileRef = AA000099 /* JorvikHotkeyRegistry.swift */; };
/* End PBXBuildFile section */

/* Begin PBXCopyFilesBuildPhase section */
		5EF0B3812F95386B00E097E2 /* CopyFiles */ = {
			isa = PBXCopyFilesBuildPhase;
			buildActionMask = 2147483647;
			dstPath = Contents/Library/LaunchAgents;
			dstSubfolderSpec = 1;
			files = (
				5EF0B3822F9538D300E097E2 /* cc.jorviksoftware.ActiveSpace.agent.plist in CopyFiles */,
			);
			runOnlyForDeploymentPostprocessing = 0;
		};
/* End PBXCopyFilesBuildPhase section */

/* Begin PBXFileReference section */
		5EF0B3722F95378700E097E2 /* ActiveSpaceFingerprint.swift */ = {isa = PBXFileReference; lastKnownFileType = sourcecode.swift; path = ActiveSpaceFingerprint.swift; sourceTree = "<group>"; };
		5EF0B3742F95378700E097E2 /* cc.jorviksoftware.ActiveSpace.agent.plist */ = {isa = PBXFileReference; lastKnownFileType = text.plist.xml; path = cc.jorviksoftware.ActiveSpace.agent.plist; sourceTree = "<group>"; };
		5EF0B3752F95378700E097E2 /* ReconfigurationObserver.swift */ = {isa = PBXFileReference; lastKnownFileType = sourcecode.swift; path = ReconfigurationObserver.swift; sourceTree = "<group>"; };
		5EF0B3762F95378700E097E2 /* DriftMonitor.swift */ = {isa = PBXFileReference; lastKnownFileType = sourcecode.swift; path = DriftMonitor.swift; sourceTree = "<group>"; };
		5EF0B3772F95378700E097E2 /* SpacesPlist.swift */ = {isa = PBXFileReference; lastKnownFileType = sourcecode.swift; path = SpacesPlist.swift; sourceTree = "<group>"; };
		5EF0B37F2F95380D00E097E2 /* ServiceManagement.framework */ = {isa = PBXFileReference; lastKnownFileType = wrapper.framework; name = ServiceManagement.framework; path = System/Library/Frameworks/ServiceManagement.framework; sourceTree = SDKROOT; };
		AA000030 /* ActiveSpaceApp.swift */ = {isa = PBXFileReference; lastKnownFileType = sourcecode.swift; path = ActiveSpaceApp.swift; sourceTree = "<group>"; };
		AA000031 /* AppDelegate.swift */ = {isa = PBXFileReference; lastKnownFileType = sourcecode.swift; path = AppDelegate.swift; sourceTree = "<group>"; };
		AA000032 /* CGSPrivate.swift */ = {isa = PBXFileReference; lastKnownFileType = sourcecode.swift; path = CGSPrivate.swift; sourceTree = "<group>"; };
		AA000033 /* SpaceObserver.swift */ = {isa = PBXFileReference; lastKnownFileType = sourcecode.swift; path = SpaceObserver.swift; sourceTree = "<group>"; };
		AA000034 /* SpaceSwitcher.swift */ = {isa = PBXFileReference; lastKnownFileType = sourcecode.swift; path = SpaceSwitcher.swift; sourceTree = "<group>"; };
		AA000035 /* MenuBarIcon.swift */ = {isa = PBXFileReference; lastKnownFileType = sourcecode.swift; path = MenuBarIcon.swift; sourceTree = "<group>"; };
		AA000036 /* SpaceSelectorView.swift */ = {isa = PBXFileReference; lastKnownFileType = sourcecode.swift; path = SpaceSelectorView.swift; sourceTree = "<group>"; };
		AA000037 /* Info.plist */ = {isa = PBXFileReference; lastKnownFileType = text.plist.xml; path = Info.plist; sourceTree = "<group>"; };
		AA000038 /* ActiveSpace.app */ = {isa = PBXFileReference; explicitFileType = wrapper.application; includeInIndex = 0; path = ActiveSpace.app; sourceTree = BUILT_PRODUCTS_DIR; };
		AA000039 /* Assets.xcassets */ = {isa = PBXFileReference; lastKnownFileType = folder.assetcatalog; path = Assets.xcassets; sourceTree = "<group>"; };
		AA000040 /* switch_helper */ = {isa = PBXFileReference; lastKnownFileType = "compiled.mach-o.executable"; path = switch_helper; sourceTree = "<group>"; };
		AA000041 /* AboutView.swift */ = {isa = PBXFileReference; lastKnownFileType = sourcecode.swift; path = AboutView.swift; sourceTree = "<group>"; };
		AA000042 /* ActiveSpace.entitlements */ = {isa = PBXFileReference; lastKnownFileType = text.plist.entitlements; path = ActiveSpace.entitlements; sourceTree = "<group>"; };
		AA000070 /* JorvikAboutView.swift */ = {isa = PBXFileReference; lastKnownFileType = sourcecode.swift; path = JorvikAboutView.swift; sourceTree = "<group>"; };
		AA000071 /* JorvikSettingsView.swift */ = {isa = PBXFileReference; lastKnownFileType = sourcecode.swift; path = JorvikSettingsView.swift; sourceTree = "<group>"; };
		AA000072 /* JorvikUpdateChecker.swift */ = {isa = PBXFileReference; lastKnownFileType = sourcecode.swift; path = JorvikUpdateChecker.swift; sourceTree = "<group>"; };
		AA000073 /* JorvikMenuBuilder.swift */ = {isa = PBXFileReference; lastKnownFileType = sourcecode.swift; path = JorvikMenuBuilder.swift; sourceTree = "<group>"; };
		AA000074 /* JorvikMenuBarPill.swift */ = {isa = PBXFileReference; lastKnownFileType = sourcecode.swift; path = JorvikMenuBarPill.swift; sourceTree = "<group>"; };
		AA000075 /* JorvikWindowHelper.swift */ = {isa = PBXFileReference; lastKnownFileType = sourcecode.swift; path = JorvikWindowHelper.swift; sourceTree = "<group>"; };
		AA000076 /* JorvikShortcutRecorder.swift */ = {isa = PBXFileReference; lastKnownFileType = sourcecode.swift; path = JorvikShortcutRecorder.swift; sourceTree = "<group>"; };
		AA000077 /* VirtualDisplay.swift */ = {isa = PBXFileReference; lastKnownFileType = sourcecode.swift; path = VirtualDisplay.swift; sourceTree = "<group>"; };
		AA000078 /* VirtualDisplayHelper.m */ = {isa = PBXFileReference; lastKnownFileType = sourcecode.c.objc; path = VirtualDisplayHelper.m; sourceTree = "<group>"; };
		AA000079 /* VirtualDisplayHelper.h */ = {isa = PBXFileReference; lastKnownFileType = sourcecode.c.h; path = VirtualDisplayHelper.h; sourceTree = "<group>"; };
		AA000081 /* ActiveSpace-Bridging-Header.h */ = {isa = PBXFileReference; lastKnownFileType = sourcecode.c.h; path = "ActiveSpace-Bridging-Header.h"; sourceTree = "<group>"; };
		AA000082 /* Logging.swift */ = {isa = PBXFileReference; lastKnownFileType = sourcecode.swift; path = Logging.swift; sourceTree = "<group>"; };
		AA000083 /* TransitionOverlay.swift */ = {isa = PBXFileReference; lastKnownFileType = sourcecode.swift; path = TransitionOverlay.swift; sourceTree = "<group>"; };
		AA000090 /* SwitcherController.swift */ = {isa = PBXFileReference; lastKnownFileType = sourcecode.swift; path = SwitcherController.swift; sourceTree = "<group>"; };
		AA000092 /* SwitcherAppResolver.swift */ = {isa = PBXFileReference; lastKnownFileType = sourcecode.swift; path = SwitcherAppResolver.swift; sourceTree = "<group>"; };
		AA000094 /* SwitcherHUDWindow.swift */ = {isa = PBXFileReference; lastKnownFileType = sourcecode.swift; path = SwitcherHUDWindow.swift; sourceTree = "<group>"; };
		AA000096 /* SwitcherAppStack.swift */ = {isa = PBXFileReference; lastKnownFileType = sourcecode.swift; path = SwitcherAppStack.swift; sourceTree = "<group>"; };
		AA000099 /* JorvikHotkeyRegistry.swift */ = {isa = PBXFileReference; lastKnownFileType = sourcecode.swift; path = JorvikHotkeyRegistry.swift; sourceTree = "<group>"; };
/* End PBXFileReference section */

/* Begin PBXFrameworksBuildPhase section */
		AA000015 /* Frameworks */ = {
			isa = PBXFrameworksBuildPhase;
			buildActionMask = 2147483647;
			files = (
				5EF0B3802F95380D00E097E2 /* ServiceManagement.framework in Frameworks */,
			);
			runOnlyForDeploymentPostprocessing = 0;
		};
/* End PBXFrameworksBuildPhase section */

/* Begin PBXGroup section */
		5EF0B37E2F95380D00E097E2 /* Frameworks */ = {
			isa = PBXGroup;
			children = (
				5EF0B37F2F95380D00E097E2 /* ServiceManagement.framework */,
			);
			name = Frameworks;
			sourceTree = "<group>";
		};
		AA000020 = {
			isa = PBXGroup;
			children = (
				AA000021 /* ActiveSpace */,
				5EF0B37E2F95380D00E097E2 /* Frameworks */,
				AA000022 /* Products */,
			);
			sourceTree = "<group>";
		};
		AA000021 /* ActiveSpace */ = {
			isa = PBXGroup;
			children = (
				5EF0B3722F95378700E097E2 /* ActiveSpaceFingerprint.swift */,
				5EF0B3742F95378700E097E2 /* cc.jorviksoftware.ActiveSpace.agent.plist */,
				5EF0B3752F95378700E097E2 /* ReconfigurationObserver.swift */,
				5EF0B3762F95378700E097E2 /* DriftMonitor.swift */,
				5EF0B3772F95378700E097E2 /* SpacesPlist.swift */,
				AA000030 /* ActiveSpaceApp.swift */,
				AA000031 /* AppDelegate.swift */,
				AA000032 /* CGSPrivate.swift */,
				AA000033 /* SpaceObserver.swift */,
				AA000034 /* SpaceSwitcher.swift */,
				AA000035 /* MenuBarIcon.swift */,
				AA000036 /* SpaceSelectorView.swift */,
				AA000037 /* Info.plist */,
				AA000039 /* Assets.xcassets */,
				AA000040 /* switch_helper */,
				AA000041 /* AboutView.swift */,
				AA000042 /* ActiveSpace.entitlements */,
				AA000077 /* VirtualDisplay.swift */,
				AA000078 /* VirtualDisplayHelper.m */,
				AA000079 /* VirtualDisplayHelper.h */,
				AA000081 /* ActiveSpace-Bridging-Header.h */,
				AA000082 /* Logging.swift */,
				AA000083 /* TransitionOverlay.swift */,
				AA000090 /* SwitcherController.swift */,
				AA000092 /* SwitcherAppResolver.swift */,
				AA000094 /* SwitcherHUDWindow.swift */,
				AA000096 /* SwitcherAppStack.swift */,
				AA000080 /* JorvikKit */,
			);
			path = ActiveSpace;
			sourceTree = "<group>";
		};
		AA000022 /* Products */ = {
			isa = PBXGroup;
			children = (
				AA000038 /* ActiveSpace.app */,
			);
			name = Products;
			sourceTree = "<group>";
		};
		AA000080 /* JorvikKit */ = {
			isa = PBXGroup;
			children = (
				AA000070 /* JorvikAboutView.swift */,
				AA000071 /* JorvikSettingsView.swift */,
				AA000072 /* JorvikUpdateChecker.swift */,
				AA000073 /* JorvikMenuBuilder.swift */,
				AA000074 /* JorvikMenuBarPill.swift */,
				AA000075 /* JorvikWindowHelper.swift */,
				AA000076 /* JorvikShortcutRecorder.swift */,
				AA000099 /* JorvikHotkeyRegistry.swift */,
			);
			path = JorvikKit;
			sourceTree = "<group>";
		};
/* End PBXGroup section */

/* Begin PBXNativeTarget section */
		AA000010 /* ActiveSpace */ = {
			isa = PBXNativeTarget;
			buildConfigurationList = AA000011 /* Build configuration list for PBXNativeTarget "ActiveSpace" */;
			buildPhases = (
				AA000014 /* Sources */,
				AA000015 /* Frameworks */,
				AA000016 /* Resources */,
				5EF0B3812F95386B00E097E2 /* CopyFiles */,
				5E2FCBE32FA6B8D100DA38EE /* Embed MouseCatcher */,
			);
			buildRules = (
			);
			dependencies = (
			);
			name = ActiveSpace;
			productName = ActiveSpace;
			productReference = AA000038 /* ActiveSpace.app */;
			productType = "com.apple.product-type.application";
		};
/* End PBXNativeTarget section */

/* Begin PBXProject section */
		AA000001 /* Project object */ = {
			isa = PBXProject;
			attributes = {
				BuildIndependentTargetsInParallel = 1;
				LastSwiftUpdateCheck = 1500;
				LastUpgradeCheck = 2640;
				TargetAttributes = {
					AA000010 = {
						CreatedOnToolsVersion = 15.0;
					};
				};
			};
			buildConfigurationList = AA000002 /* Build configuration list for PBXProject "ActiveSpace" */;
			compatibilityVersion = "Xcode 14.0";
			developmentRegion = en;
			hasScannedForEncodings = 0;
			knownRegions = (
				en,
				Base,
			);
			mainGroup = AA000020;
			productRefGroup = AA000022 /* Products */;
			projectDirPath = "";
			projectRoot = "";
			targets = (
				AA000010 /* ActiveSpace */,
			);
		};
/* End PBXProject section */

/* Begin PBXResourcesBuildPhase section */
		AA000016 /* Resources */ = {
			isa = PBXResourcesBuildPhase;
			buildActionMask = 2147483647;
			files = (
				AA000057 /* Assets.xcassets in Resources */,
				AA000058 /* switch_helper in Resources */,
			);
			runOnlyForDeploymentPostprocessing = 0;
		};
/* End PBXResourcesBuildPhase section */

/* Begin PBXShellScriptBuildPhase section */
		5E2FCBE32FA6B8D100DA38EE /* Embed MouseCatcher */ = {
			isa = PBXShellScriptBuildPhase;
			alwaysOutOfDate = 1;
			buildActionMask = 2147483647;
			files = (
			);
			inputFileListPaths = (
			);
			inputPaths = (
			);
			name = "Embed MouseCatcher";
			outputFileListPaths = (
			);
			outputPaths = (
			);
			runOnlyForDeploymentPostprocessing = 0;
			shellPath = /bin/sh;
			shellScript = "  # Build MouseCatcher (signed, hardened-runtime) and embed it inside\n  # ActiveSpace.app/Contents/Helpers/. Self-deploy on launch handles\n  # placing it at /Applications/Utilities/MouseCatcher.app.\n  \"${SRCROOT}/MouseCatcher/build.sh\"\n\n  mkdir -p \"${BUILT_PRODUCTS_DIR}/${PRODUCT_NAME}.app/Contents/Helpers\"\n  rm -rf \"${BUILT_PRODUCTS_DIR}/${PRODUCT_NAME}.app/Contents/Helpers/MouseCatcher.app\"\n  cp -R \"${SRCROOT}/MouseCatcher/MouseCatcher.app\" \"${BUILT_PRODUCTS_DIR}/${PRODUCT_NAME}.app/Contents/Helpers/MouseCatcher.app\"\n";
		};
/* End PBXShellScriptBuildPhase section */

/* Begin PBXSourcesBuildPhase section */
		AA000014 /* Sources */ = {
			isa = PBXSourcesBuildPhase;
			buildActionMask = 2147483647;
			files = (
				AA000050 /* ActiveSpaceApp.swift in Sources */,
				AA000051 /* AppDelegate.swift in Sources */,
				AA000052 /* CGSPrivate.swift in Sources */,
				5EF0B3792F95378700E097E2 /* ReconfigurationObserver.swift in Sources */,
				5EF0B37A2F95378700E097E2 /* DriftMonitor.swift in Sources */,
				5EF0B37B2F95378700E097E2 /* SpacesPlist.swift in Sources */,
				5EF0B37D2F95378700E097E2 /* ActiveSpaceFingerprint.swift in Sources */,
				AA000053 /* SpaceObserver.swift in Sources */,
				AA000054 /* SpaceSwitcher.swift in Sources */,
				AA000055 /* MenuBarIcon.swift in Sources */,
				AA000056 /* SpaceSelectorView.swift in Sources */,
				AA000059 /* AboutView.swift in Sources */,
				AA000060 /* JorvikAboutView.swift in Sources */,
				AA000061 /* JorvikSettingsView.swift in Sources */,
				AA000062 /* JorvikUpdateChecker.swift in Sources */,
				AA000063 /* JorvikMenuBuilder.swift in Sources */,
				AA000064 /* JorvikMenuBarPill.swift in Sources */,
				AA000065 /* JorvikWindowHelper.swift in Sources */,
				AA000066 /* JorvikShortcutRecorder.swift in Sources */,
				AA000098 /* JorvikHotkeyRegistry.swift in Sources */,
				AA000067 /* VirtualDisplay.swift in Sources */,
				AA000068 /* VirtualDisplayHelper.m in Sources */,
				AA000069 /* Logging.swift in Sources */,
				AA00006A /* TransitionOverlay.swift in Sources */,
				AA000091 /* SwitcherController.swift in Sources */,
				AA000093 /* SwitcherAppResolver.swift in Sources */,
				AA000095 /* SwitcherHUDWindow.swift in Sources */,
				AA000097 /* SwitcherAppStack.swift in Sources */,
			);
			runOnlyForDeploymentPostprocessing = 0;
		};
/* End PBXSourcesBuildPhase section */

/* Begin XCBuildConfiguration section */
		AA000003 /* Debug */ = {
			isa = XCBuildConfiguration;
			buildSettings = {
				ALWAYS_SEARCH_USER_PATHS = NO;
				ASSETCATALOG_COMPILER_GENERATE_SWIFT_ASSET_SYMBOL_EXTENSIONS = YES;
				CLANG_ANALYZER_NONNULL = YES;
				CLANG_ANALYZER_NUMBER_OBJECT_CONVERSION = YES_AGGRESSIVE;
				CLANG_CXX_LANGUAGE_STANDARD = "gnu++20";
				CLANG_ENABLE_MODULES = YES;
				CLANG_ENABLE_OBJC_ARC = YES;
				CLANG_ENABLE_OBJC_WEAK = YES;
				CLANG_WARN_BLOCK_CAPTURE_AUTORELEASING = YES;
				CLANG_WARN_BOOL_CONVERSION = YES;
				CLANG_WARN_COMMA = YES;
				CLANG_WARN_CONSTANT_CONVERSION = YES;
				CLANG_WARN_DEPRECATED_OBJC_IMPLEMENTATIONS = YES;
				CLANG_WARN_DIRECT_OBJC_ISA_USAGE = YES_ERROR;
				CLANG_WARN_DOCUMENTATION_COMMENTS = YES;
				CLANG_WARN_EMPTY_BODY = YES;
				CLANG_WARN_ENUM_CONVERSION = YES;
				CLANG_WARN_INFINITE_RECURSION = YES;
				CLANG_WARN_INT_CONVERSION = YES;
				CLANG_WARN_NON_LITERAL_NULL_CONVERSION = YES;
				CLANG_WARN_OBJC_IMPLICIT_RETAIN_CYCLE = YES;
				CLANG_WARN_OBJC_IMPLICIT_RETAIN_SELF = YES;
				CLANG_WARN_OBJC_LITERAL_CONVERSION = YES;
				CLANG_WARN_OBJC_ROOT_CLASS = YES_ERROR;
				CLANG_WARN_QUOTED_INCLUDE_IN_FRAMEWORK_HEADER = YES;
				CLANG_WARN_RANGE_LOOP_ANALYSIS = YES;
				CLANG_WARN_STRICT_PROTOTYPES = YES;
				CLANG_WARN_SUSPICIOUS_MOVE = YES;
				CLANG_WARN_UNGUARDED_AVAILABILITY = YES_AGGRESSIVE;
				CLANG_WARN_UNREACHABLE_CODE = YES;
				CLANG_WARN__DUPLICATE_METHOD_MATCH = YES;
				COPY_PHASE_STRIP = NO;
				DEAD_CODE_STRIPPING = YES;
				DEBUG_INFORMATION_FORMAT = dwarf;
				ENABLE_STRICT_OBJC_MSGSEND = YES;
				ENABLE_TESTABILITY = YES;
				ENABLE_USER_SCRIPT_SANDBOXING = NO;
				GCC_C_LANGUAGE_STANDARD = gnu17;
				GCC_DYNAMIC_NO_PIC = NO;
				GCC_NO_COMMON_BLOCKS = YES;
				GCC_OPTIMIZATION_LEVEL = 0;
				GCC_PREPROCESSOR_DEFINITIONS = (
					"DEBUG=1",
					"$(inherited)",
				);
				GCC_WARN_64_TO_32_BIT_CONVERSION = YES;
				GCC_WARN_ABOUT_RETURN_TYPE = YES_ERROR;
				GCC_WARN_UNDECLARED_SELECTOR = YES;
				GCC_WARN_UNINITIALIZED_AUTOS = YES_AGGRESSIVE;
				GCC_WARN_UNUSED_FUNCTION = YES;
				GCC_WARN_UNUSED_VARIABLE = YES;
				MACOSX_DEPLOYMENT_TARGET = 14.0;
				MTL_ENABLE_DEBUG_INFO = INCLUDE_SOURCE;
				MTL_FAST_MATH = YES;
				ONLY_ACTIVE_ARCH = YES;
				SDKROOT = macosx;
				STRING_CATALOG_GENERATE_SYMBOLS = YES;
				SWIFT_ACTIVE_COMPILATION_CONDITIONS = DEBUG;
				SWIFT_OPTIMIZATION_LEVEL = "-Onone";
			};
			name = Debug;
		};
		AA000004 /* Release */ = {
			isa = XCBuildConfiguration;
			buildSettings = {
				ALWAYS_SEARCH_USER_PATHS = NO;
				ASSETCATALOG_COMPILER_GENERATE_SWIFT_ASSET_SYMBOL_EXTENSIONS = YES;
				CLANG_ANALYZER_NONNULL = YES;
				CLANG_ANALYZER_NUMBER_OBJECT_CONVERSION = YES_AGGRESSIVE;
				CLANG_CXX_LANGUAGE_STANDARD = "gnu++20";
				CLANG_ENABLE_MODULES = YES;
				CLANG_ENABLE_OBJC_ARC = YES;
				CLANG_ENABLE_OBJC_WEAK = YES;
				CLANG_WARN_BLOCK_CAPTURE_AUTORELEASING = YES;
				CLANG_WARN_BOOL_CONVERSION = YES;
				CLANG_WARN_COMMA = YES;
				CLANG_WARN_CONSTANT_CONVERSION = YES;
				CLANG_WARN_DEPRECATED_OBJC_IMPLEMENTATIONS = YES;
				CLANG_WARN_DIRECT_OBJC_ISA_USAGE = YES_ERROR;
				CLANG_WARN_DOCUMENTATION_COMMENTS = YES;
				CLANG_WARN_EMPTY_BODY = YES;
				CLANG_WARN_ENUM_CONVERSION = YES;
				CLANG_WARN_INFINITE_RECURSION = YES;
				CLANG_WARN_INT_CONVERSION = YES;
				CLANG_WARN_NON_LITERAL_NULL_CONVERSION = YES;
				CLANG_WARN_OBJC_IMPLICIT_RETAIN_CYCLE = YES;
				CLANG_WARN_OBJC_IMPLICIT_RETAIN_SELF = YES;
				CLANG_WARN_OBJC_LITERAL_CONVERSION = YES;
				CLANG_WARN_OBJC_ROOT_CLASS = YES_ERROR;
				CLANG_WARN_QUOTED_INCLUDE_IN_FRAMEWORK_HEADER = YES;
				CLANG_WARN_RANGE_LOOP_ANALYSIS = YES;
				CLANG_WARN_STRICT_PROTOTYPES = YES;
				CLANG_WARN_SUSPICIOUS_MOVE = YES;
				CLANG_WARN_UNGUARDED_AVAILABILITY = YES_AGGRESSIVE;
				CLANG_WARN_UNREACHABLE_CODE = YES;
				CLANG_WARN__DUPLICATE_METHOD_MATCH = YES;
				COPY_PHASE_STRIP = NO;
				DEAD_CODE_STRIPPING = YES;
				DEBUG_INFORMATION_FORMAT = "dwarf-with-dsym";
				ENABLE_NS_ASSERTIONS = NO;
				ENABLE_STRICT_OBJC_MSGSEND = YES;
				ENABLE_USER_SCRIPT_SANDBOXING = NO;
				GCC_C_LANGUAGE_STANDARD = gnu17;
				GCC_NO_COMMON_BLOCKS = YES;
				GCC_WARN_64_TO_32_BIT_CONVERSION = YES;
				GCC_WARN_ABOUT_RETURN_TYPE = YES_ERROR;
				GCC_WARN_UNDECLARED_SELECTOR = YES;
				GCC_WARN_UNINITIALIZED_AUTOS = YES_AGGRESSIVE;
				GCC_WARN_UNUSED_FUNCTION = YES;
				GCC_WARN_UNUSED_VARIABLE = YES;
				MACOSX_DEPLOYMENT_TARGET = 14.0;
				MTL_FAST_MATH = YES;
				SDKROOT = macosx;
				STRING_CATALOG_GENERATE_SYMBOLS = YES;
				SWIFT_COMPILATION_MODE = wholemodule;
				SWIFT_OPTIMIZATION_LEVEL = "-O";
			};
			name = Release;
		};
		AA000012 /* Debug */ = {
			isa = XCBuildConfiguration;
			buildSettings = {
				ASSETCATALOG_COMPILER_APPICON_NAME = AppIcon;
				CODE_SIGN_ENTITLEMENTS = ActiveSpace/ActiveSpace.entitlements;
				CODE_SIGN_STYLE = Automatic;
				COMBINE_HIDPI_IMAGES = YES;
				CURRENT_PROJECT_VERSION = 1;
				DEAD_CODE_STRIPPING = YES;
				ENABLE_HARDENED_RUNTIME = YES;
				GENERATE_INFOPLIST_FILE = NO;
				INFOPLIST_FILE = ActiveSpace/Info.plist;
				LD_RUNPATH_SEARCH_PATHS = (
					"$(inherited)",
					"@executable_path/../Frameworks",
				);
				MARKETING_VERSION = 1.0;
				PRODUCT_BUNDLE_IDENTIFIER = cc.jorviksoftware.ActiveSpace;
				PRODUCT_NAME = "$(TARGET_NAME)";
				PROVISIONING_PROFILE_SPECIFIER = "";
				SWIFT_EMIT_LOC_STRINGS = YES;
				SWIFT_OBJC_BRIDGING_HEADER = "ActiveSpace/ActiveSpace-Bridging-Header.h";
				SWIFT_VERSION = 5.9;
			};
			name = Debug;
		};
		AA000013 /* Release */ = {
			isa = XCBuildConfiguration;
			buildSettings = {
				ASSETCATALOG_COMPILER_APPICON_NAME = AppIcon;
				CODE_SIGN_ENTITLEMENTS = ActiveSpace/ActiveSpace.entitlements;
				CODE_SIGN_STYLE = Automatic;
				COMBINE_HIDPI_IMAGES = YES;
				CURRENT_PROJECT_VERSION = 1;
				DEAD_CODE_STRIPPING = YES;
				ENABLE_HARDENED_RUNTIME = YES;
				GENERATE_INFOPLIST_FILE = NO;
				INFOPLIST_FILE = ActiveSpace/Info.plist;
				LD_RUNPATH_SEARCH_PATHS = (
					"$(inherited)",
					"@executable_path/../Frameworks",
				);
				MARKETING_VERSION = 1.0;
				PRODUCT_BUNDLE_IDENTIFIER = cc.jorviksoftware.ActiveSpace;
				PRODUCT_NAME = "$(TARGET_NAME)";
				PROVISIONING_PROFILE_SPECIFIER = "";
				SWIFT_EMIT_LOC_STRINGS = YES;
				SWIFT_OBJC_BRIDGING_HEADER = "ActiveSpace/ActiveSpace-Bridging-Header.h";
				SWIFT_VERSION = 5.9;
			};
			name = Release;
		};
/* End XCBuildConfiguration section */

/* Begin XCConfigurationList section */
		AA000002 /* Build configuration list for PBXProject "ActiveSpace" */ = {
			isa = XCConfigurationList;
			buildConfigurations = (
				AA000003 /* Debug */,
				AA000004 /* Release */,
			);
			defaultConfigurationIsVisible = 0;
			defaultConfigurationName = Release;
		};
		AA000011 /* Build configuration list for PBXNativeTarget "ActiveSpace" */ = {
			isa = XCConfigurationList;
			buildConfigurations = (
				AA000012 /* Debug */,
				AA000013 /* Release */,
			);
			defaultConfigurationIsVisible = 0;
			defaultConfigurationName = Release;
		};
/* End XCConfigurationList section */
	};
	rootObject = AA000001 /* Project object */;
}
